github.com/boggydigital/camino v0.2.19 h1:mAwgurNO7anUlBJmC4yhhZ4bpasiwa9b7soMCu9UjDg=
github.com/boggydigital/camino v0.2.19/go.mod h1:UuW3eJP/wrm1VkNPvvNETKisvQymCD1d2a8KIe6J6cI=
github.com/boggydigital/clo v1.0.8 h1:/E+xA4e+tvQrtSmMHN/DeKaVEhiSI2aHDx63dJ98lCU=
github.com/boggydigital/clo v1.0.8/go.mod h1:InpSSK4uBJOtOdv32DM9BYCA28MuJGb7iRFow24ubUI=
github.com/boggydigital/kevlar v0.6.13 h1:Xl4shLJVbxd/jRBktJFrqtm/J+I863yBfGy79heRkOI=
github.com/boggydigital/kevlar v0.6.13/go.mod h1:qGQojbgP9+XY2gy6rkBMtiRf2OqxE0M7TcXFofCFM60=
github.com/boggydigital/nod v0.1.30 h1:/u3FE04mfH5ka1VqoS6uutTmbYbvUaEHyDDJk96uB+k=
github.com/boggydigital/nod v0.1.30/go.mod h1:bzsGsnXacX7YmctBeqpY0oEQeT1KHqcSNpBhLNbKhfA=
github.com/boggydigital/redux v0.1.12 h1:NCZTKt1POxW1Fh9JWtneCFOOnfGtX0huMpgmNeuPnXU=
github.com/boggydigital/redux v0.1.12/go.mod h1:5TkhPsjyEaYQp0+NW2xfVnHfaFQY5HRhoqLZCFU5Lt0=
github.com/boggydigital/strom v0.1.10 h1:iRDYn8Sxm/Smb2NY0C+mYf9dskC3xTdOpr6aBZAap0U=
github.com/boggydigital/strom v0.1.10/go.mod h1:9Oe6s+Yc4vIqwrWkQ8ifSy8YmMfR2Sx49N/Agc+WXVc=
github.com/boggydigital/testo v0.1.8 h1:NKuKLpWKn8gG3dYq8xNrFYHimxoCTdzLOs242q6jeQo=
github.com/boggydigital/testo v0.1.8/go.mod h1:8JTO6UKeQPsHS82vbCH/3NLDfewmr/84vVQ6rNLdCas=
github.com/boggydigital/wits v0.2.3 h1:Z0eB+QlIA18fJmblyV6ZJQ/swPYSFhOxfgMXOQz4/c8=
github.com/boggydigital/wits v0.2.3/go.mod h1:aR/z0vfMLtg0b4hcts0qiSTZcA51O8A2N3U9laqd2Lc=
golang.org/x/net v0.58.0 h1:ynWG7rqYi4ccpTEuPZ2QGWHktVEM9DMCj9yzDE0Q7To=
golang.org/x/net v0.58.0/go.mod h1:YwCddHnFlT7eLQqVprV19OnhLGtc5xOKgE0RyqgfWAU=
